
Microsoft Visual Studio Solution File, Format Version 12.00
# Visual Studio 15
VisualStudioVersion = 15.0.28307.902
MinimumVisualStudioVersion = 10.0.40219.1
Project("{FAE04EC0-301F-11D3-BF4B-00C04F79EFBC}") = "NewsEngine2.0", "NewsEngine2.0\NewsEngine2.0.csproj", "{719D6E6A-9203-4E4C-9441-DB5936615858}"
EndProject
Global
	GlobalSection(SolutionConfigurationPlatforms) = preSolution
		Debug|Any CPU = Debug|Any CPU
		Release|Any CPU = Release|Any CPU
	EndGlobalSection
	GlobalSection(ProjectConfigurationPlatforms) = postSolution
		{719D6E6A-9203-4E4C-9441-DB5936615858}.Debug|Any CPU.ActiveCfg = Debug|Any CPU
		{719D6E6A-9203-4E4C-9441-DB5936615858}.Debug|Any CPU.Build.0 = Debug|Any CPU
		{719D6E6A-9203-4E4C-9441-DB5936615858}.Release|Any CPU.ActiveCfg = Release|Any CPU
		{719D6E6A-9203-4E4C-9441-DB5936615858}.Release|Any CPU.Build.0 = Release|Any CPU
	EndGlobalSection
	GlobalSection(SolutionProperties) = preSolution
		HideSolutionNode = FALSE
	EndGlobalSection
	GlobalSection(ExtensibilityGlobals) = postSolution
		SolutionGuid = {DD467311-92D9-4587-9E06-9D187216DAFF}
	EndGlobalSection
EndGlobal
